
Microsoft Visual Studio Solution File, Format Version 12.00
# Visual Studio 15
Project("{FAE04EC0-301F-11D3-BF4B-00C04F79EFBC}") = "Assembly-CSharp", "Assembly-CSharp.csproj", "{4446FF0D-3289-3DA1-5081-7B5612191998}"
EndProject
Project("{FAE04EC0-301F-11D3-BF4B-00C04F79EFBC}") = "Assembly-CSharp-Editor", "Assembly-CSharp-Editor.csproj", "{1A654769-6746-59E2-FC07-0BBFD45F4C57}"
EndProject
Global
	GlobalSection(SolutionConfigurationPlatforms) = preSolution
		Debug|Any CPU = Debug|Any CPU
		Release|Any CPU = Release|Any CPU
	EndGlobalSection
	GlobalSection(ProjectConfigurationPlatforms) = postSolution
		{4446FF0D-3289-3DA1-5081-7B5612191998}.Debug|Any CPU.ActiveCfg = Debug|Any CPU
		{4446FF0D-3289-3DA1-5081-7B5612191998}.Debug|Any CPU.Build.0 = Debug|Any CPU
		{4446FF0D-3289-3DA1-5081-7B5612191998}.Release|Any CPU.ActiveCfg = Release|Any CPU
		{4446FF0D-3289-3DA1-5081-7B5612191998}.Release|Any CPU.Build.0 = Release|Any CPU
		{1A654769-6746-59E2-FC07-0BBFD45F4C57}.Debug|Any CPU.ActiveCfg = Debug|Any CPU
		{1A654769-6746-59E2-FC07-0BBFD45F4C57}.Debug|Any CPU.Build.0 = Debug|Any CPU
		{1A654769-6746-59E2-FC07-0BBFD45F4C57}.Release|Any CPU.ActiveCfg = Release|Any CPU
		{1A654769-6746-59E2-FC07-0BBFD45F4C57}.Release|Any CPU.Build.0 = Release|Any CPU
	EndGlobalSection
	GlobalSection(SolutionProperties) = preSolution
		HideSolutionNode = FALSE
	EndGlobalSection
EndGlobal
